
Microsoft Visual Studio Solution File, Format Version 12.00
# Visual Studio Version 17
VisualStudioVersion = 17.3.32825.248
MinimumVisualStudioVersion = 10.0.40219.1
Project("{FAE04EC0-301F-11D3-BF4B-00C04F79EFBC}") = "WordHelper", "WordHelper\WordHelper.csproj", "{3244B977-E037-407E-8675-3C83C9ECB9A8}"
EndProject
Global
	GlobalSection(SolutionConfigurationPlatforms) = preSolution
		Debug|Any CPU = Debug|Any CPU
		Release|Any CPU = Release|Any CPU
	EndGlobalSection
	GlobalSection(ProjectConfigurationPlatforms) = postSolution
		{3244B977-E037-407E-8675-3C83C9ECB9A8}.Debug|Any CPU.ActiveCfg = Debug|Any CPU
		{3244B977-E037-407E-8675-3C83C9ECB9A8}.Debug|Any CPU.Build.0 = Debug|Any CPU
		{3244B977-E037-407E-8675-3C83C9ECB9A8}.Release|Any CPU.ActiveCfg = Release|Any CPU
		{3244B977-E037-407E-8675-3C83C9ECB9A8}.Release|Any CPU.Build.0 = Release|Any CPU
	EndGlobalSection
	GlobalSection(SolutionProperties) = preSolution
		HideSolutionNode = FALSE
	EndGlobalSection
	GlobalSection(ExtensibilityGlobals) = postSolution
		SolutionGuid = {D2561CA2-3D6B-4365-8262-9F9C6EADB340}
	EndGlobalSection
EndGlobal
